// !$*UTF8*$!
{
	archiveVersion = 1;
	classes = {
	};
	objectVersion = 50;
	objects = {

/* Begin PBXBuildFile section */
		25AAA444228D165200E7C61E /* AppDelegate.swift in Sources */ = {isa = PBXBuildFile; fileRef = 25AAA443228D165200E7C61E /* AppDelegate.swift */; };
		25AAA446228D165200E7C61E /* ViewController.swift in Sources */ = {isa = PBXBuildFile; fileRef = 25AAA445228D165200E7C61E /* ViewController.swift */; };
		25AAA449228D165200E7C61E /* Main.storyboard in Resources */ = {isa = PBXBuildFile; fileRef = 25AAA447228D165200E7C61E /* Main.storyboard */; };
		25AAA44B228D165400E7C61E /* Assets.xcassets in Resources */ = {isa = PBXBuildFile; fileRef = 25AAA44A228D165400E7C61E /* Assets.xcassets */; };
		25AAA44E228D165400E7C61E /* LaunchScreen.storyboard in Resources */ = {isa = PBXBuildFile; fileRef = 25AAA44C228D165400E7C61E /* LaunchScreen.storyboard */; };
		25AAA459228D165400E7C61E /* Coordinator_practiceTests.swift in Sources */ = {isa = PBXBuildFile; fileRef = 25AAA458228D165400E7C61E /* Coordinator_practiceTests.swift */; };
		25AAA464228D165400E7C61E /* Coordinator_practiceUITests.swift in Sources */ = {isa = PBXBuildFile; fileRef = 25AAA463228D165400E7C61E /* Coordinator_practiceUITests.swift */; };
/* End PBXBuildFile section */

/* Begin PBXContainerItemProxy section */
		25AAA455228D165400E7C61E /* PBXContainerItemProxy */ = {
			isa = PBXContainerItemProxy;
			containerPortal = 25AAA438228D165200E7C61E /* Project object */;
			proxyType = 1;
			remoteGlobalIDString = 25AAA43F228D165200E7C61E;
			remoteInfo = Coordinator_practice;
		};
		25AAA460228D165400E7C61E /* PBXContainerItemProxy */ = {
			isa = PBXContainerItemProxy;
			containerPortal = 25AAA438228D165200E7C61E /* Project object */;
			proxyType = 1;
			remoteGlobalIDString = 25AAA43F228D165200E7C61E;
			remoteInfo = Coordinator_practice;
		};
/* End PBXContainerItemProxy section */

/* Begin PBXFileReference section */
		25AAA440228D165200E7C61E /* Coordinator_practice.app */ = {isa = PBXFileReference; explicitFileType = wrapper.application; includeInIndex = 0; path = Coordinator_practice.app; sourceTree = BUILT_PRODUCTS_DIR; };
		25AAA443228D165200E7C61E /* AppDelegate.swift */ = {isa = PBXFileReference; lastKnownFileType = sourcecode.swift; path = AppDelegate.swift; sourceTree = "<group>"; };
		25AAA445228D165200E7C61E /* ViewController.swift */ = {isa = PBXFileReference; lastKnownFileType = sourcecode.swift; path = ViewController.swift; sourceTree = "<group>"; };
		25AAA448228D165200E7C61E /* Base */ = {isa = PBXFileReference; lastKnownFileType = file.storyboard; name = Base; path = Base.lproj/Main.storyboard; sourceTree = "<group>"; };
		25AAA44A228D165400E7C61E /* Assets.xcassets */ = {isa = PBXFileReference; lastKnownFileType = folder.assetcatalog; path = Assets.xcassets; sourceTree = "<group>"; };
		25AAA44D228D165400E7C61E /* Base */ = {isa = PBXFileReference; lastKnownFileType = file.storyboard; name = Base; path = Base.lproj/LaunchScreen.storyboard; sourceTree = "<group>"; };
		25AAA44F228D165400E7C61E /* Info.plist */ = {isa = PBXFileReference; lastKnownFileType = text.plist.xml; path = Info.plist; sourceTree = "<group>"; };
		25AAA454228D165400E7C61E /* Coordinator_practiceTests.xctest */ = {isa = PBXFileReference; explicitFileType = wrapper.cfbundle; includeInIndex = 0; path = Coordinator_practiceTests.xctest; sourceTree = BUILT_PRODUCTS_DIR; };
		25AAA458228D165400E7C61E /* Coordinator_practiceTests.swift */ = {isa = PBXFileReference; lastKnownFileType = sourcecode.swift; path = Coordinator_practiceTests.swift; sourceTree = "<group>"; };
		25AAA45A228D165400E7C61E /* Info.plist */ = {isa = PBXFileReference; lastKnownFileType = text.plist.xml; path = Info.plist; sourceTree = "<group>"; };
		25AAA45F228D165400E7C61E /* Coordinator_practiceUITests.xctest */ = {isa = PBXFileReference; explicitFileType = wrapper.cfbundle; includeInIndex = 0; path = Coordinator_practiceUITests.xctest; sourceTree = BUILT_PRODUCTS_DIR; };
		25AAA463228D165400E7C61E /* Coordinator_practiceUITests.swift */ = {isa = PBXFileReference; lastKnownFileType = sourcecode.swift; path = Coordinator_practiceUITests.swift; sourceTree = "<group>"; };
		25AAA465228D165400E7C61E /* Info.plist */ = {isa = PBXFileReference; lastKnownFileType = text.plist.xml; path = Info.plist; sourceTree = "<group>"; };
/* End PBXFileReference section */

/* Begin PBXFrameworksBuildPhase section */
		25AAA43D228D165200E7C61E /* Frameworks */ = {
			isa = PBXFrameworksBuildPhase;
			buildActionMask = 2147483647;
			files = (
			);
			runOnlyForDeploymentPostprocessing = 0;
		};
		25AAA451228D165400E7C61E /* Frameworks */ = {
			isa = PBXFrameworksBuildPhase;
			buildActionMask = 2147483647;
			files = (
			);
			runOnlyForDeploymentPostprocessing = 0;
		};
		25AAA45C228D165400E7C61E /* Frameworks */ = {
			isa = PBXFrameworksBuildPhase;
			buildActionMask = 2147483647;
			files = (
			);
			runOnlyForDeploymentPostprocessing = 0;
		};
/* End PBXFrameworksBuildPhase section */

/* Begin PBXGroup section */
		25AAA437228D165200E7C61E = {
			isa = PBXGroup;
			children = (
				25AAA442228D165200E7C61E /* Coordinator_practice */,
				25AAA457228D165400E7C61E /* Coordinator_practiceTests */,
				25AAA462228D165400E7C61E /* Coordinator_practiceUITests */,
				25AAA441228D165200E7C61E /* Products */,
			);
			sourceTree = "<group>";
		};
		25AAA441228D165200E7C61E /* Products */ = {
			isa = PBXGroup;
			children = (
				25AAA440228D165200E7C61E /* Coordinator_practice.app */,
				25AAA454228D165400E7C61E /* Coordinator_practiceTests.xctest */,
				25AAA45F228D165400E7C61E /* Coordinator_practiceUITests.xctest */,
			);
			name = Products;
			sourceTree = "<group>";
		};
		25AAA442228D165200E7C61E /* Coordinator_practice */ = {
			isa = PBXGroup;
			children = (
				25AAA443228D165200E7C61E /* AppDelegate.swift */,
				25AAA445228D165200E7C61E /* ViewController.swift */,
				25AAA447228D165200E7C61E /* Main.storyboard */,
				25AAA44A228D165400E7C61E /* Assets.xcassets */,
				25AAA44C228D165400E7C61E /* LaunchScreen.storyboard */,
				25AAA44F228D165400E7C61E /* Info.plist */,
			);
			path = Coordinator_practice;
			sourceTree = "<group>";
		};
		25AAA457228D165400E7C61E /* Coordinator_practiceTests */ = {
			isa = PBXGroup;
			children = (
				25AAA458228D165400E7C61E /* Coordinator_practiceTests.swift */,
				25AAA45A228D165400E7C61E /* Info.plist */,
			);
			path = Coordinator_practiceTests;
			sourceTree = "<group>";
		};
		25AAA462228D165400E7C61E /* Coordinator_practiceUITests */ = {
			isa = PBXGroup;
			children = (
				25AAA463228D165400E7C61E /* Coordinator_practiceUITests.swift */,
				25AAA465228D165400E7C61E /* Info.plist */,
			);
			path = Coordinator_practiceUITests;
			sourceTree = "<group>";
		};
/* End PBXGroup section */

/* Begin PBXNativeTarget section */
		25AAA43F228D165200E7C61E /* Coordinator_practice */ = {
			isa = PBXNativeTarget;
			buildConfigurationList = 25AAA468228D165400E7C61E /* Build configuration list for PBXNativeTarget "Coordinator_practice" */;
			buildPhases = (
				25AAA43C228D165200E7C61E /* Sources */,
				25AAA43D228D165200E7C61E /* Frameworks */,
				25AAA43E228D165200E7C61E /* Resources */,
			);
			buildRules = (
			);
			dependencies = (
			);
			name = Coordinator_practice;
			productName = Coordinator_practice;
			productReference = 25AAA440228D165200E7C61E /* Coordinator_practice.app */;
			productType = "com.apple.product-type.application";
		};
		25AAA453228D165400E7C61E /* Coordinator_practiceTests */ = {
			isa = PBXNativeTarget;
			buildConfigurationList = 25AAA46B228D165400E7C61E /* Build configuration list for PBXNativeTarget "Coordinator_practiceTests" */;
			buildPhases = (
				25AAA450228D165400E7C61E /* Sources */,
				25AAA451228D165400E7C61E /* Frameworks */,
				25AAA452228D165400E7C61E /* Resources */,
			);
			buildRules = (
			);
			dependencies = (
				25AAA456228D165400E7C61E /* PBXTargetDependency */,
			);
			name = Coordinator_practiceTests;
			productName = Coordinator_practiceTests;
			productReference = 25AAA454228D165400E7C61E /* Coordinator_practiceTests.xctest */;
			productType = "com.apple.product-type.bundle.unit-test";
		};
		25AAA45E228D165400E7C61E /* Coordinator_practiceUITests */ = {
			isa = PBXNativeTarget;
			buildConfigurationList = 25AAA46E228D165400E7C61E /* Build configuration list for PBXNativeTarget "Coordinator_practiceUITests" */;
			buildPhases = (
				25AAA45B228D165400E7C61E /* Sources */,
				25AAA45C228D165400E7C61E /* Frameworks */,
				25AAA45D228D165400E7C61E /* Resources */,
			);
			buildRules = (
			);
			dependencies = (
				25AAA461228D165400E7C61E /* PBXTargetDependency */,
			);
			name = Coordinator_practiceUITests;
			productName = Coordinator_practiceUITests;
			productReference = 25AAA45F228D165400E7C61E /* Coordinator_practiceUITests.xctest */;
			productType = "com.apple.product-type.bundle.ui-testing";
		};
/* End PBXNativeTarget section */

/* Begin PBXProject section */
		25AAA438228D165200E7C61E /* Project object */ = {
			isa = PBXProject;
			attributes = {
				LastSwiftUpdateCheck = 1020;
				LastUpgradeCheck = 1020;
				ORGANIZATIONNAME = "Play4Act Studio";
				TargetAttributes = {
					25AAA43F228D165200E7C61E = {
						CreatedOnToolsVersion = 10.2.1;
					};
					25AAA453228D165400E7C61E = {
						CreatedOnToolsVersion = 10.2.1;
						TestTargetID = 25AAA43F228D165200E7C61E;
					};
					25AAA45E228D165400E7C61E = {
						CreatedOnToolsVersion = 10.2.1;
						TestTargetID = 25AAA43F228D165200E7C61E;
					};
				};
			};
			buildConfigurationList = 25AAA43B228D165200E7C61E /* Build configuration list for PBXProject "Coordinator_practice" */;
			compatibilityVersion = "Xcode 9.3";
			developmentRegion = en;
			hasScannedForEncodings = 0;
			knownRegions = (
				en,
				Base,
			);
			mainGroup = 25AAA437228D165200E7C61E;
			productRefGroup = 25AAA441228D165200E7C61E /* Products */;
			projectDirPath = "";
			projectRoot = "";
			targets = (
				25AAA43F228D165200E7C61E /* Coordinator_practice */,
				25AAA453228D165400E7C61E /* Coordinator_practiceTests */,
				25AAA45E228D165400E7C61E /* Coordinator_practiceUITests */,
			);
		};
/* End PBXProject section */

/* Begin PBXResourcesBuildPhase section */
		25AAA43E228D165200E7C61E /* Resources */ = {
			isa = PBXResourcesBuildPhase;
			buildActionMask = 2147483647;
			files = (
				25AAA44E228D165400E7C61E /* LaunchScreen.storyboard in Resources */,
				25AAA44B228D165400E7C61E /* Assets.xcassets in Resources */,
				25AAA449228D165200E7C61E /* Main.storyboard in Resources */,
			);
			runOnlyForDeploymentPostprocessing = 0;
		};
		25AAA452228D165400E7C61E /* Resources */ = {
			isa = PBXResourcesBuildPhase;
			buildActionMask = 2147483647;
			files = (
			);
			runOnlyForDeploymentPostprocessing = 0;
		};
		25AAA45D228D165400E7C61E /* Resources */ = {
			isa = PBXResourcesBuildPhase;
			buildActionMask = 2147483647;
			files = (
			);
			runOnlyForDeploymentPostprocessing = 0;
		};
/* End PBXResourcesBuildPhase section */

/* Begin PBXSourcesBuildPhase section */
		25AAA43C228D165200E7C61E /* Sources */ = {
			isa = PBXSourcesBuildPhase;
			buildActionMask = 2147483647;
			files = (
				25AAA446228D165200E7C61E /* ViewController.swift in Sources */,
				25AAA444228D165200E7C61E /* AppDelegate.swift in Sources */,
			);
			runOnlyForDeploymentPostprocessing = 0;
		};
		25AAA450228D165400E7C61E /* Sources */ = {
			isa = PBXSourcesBuildPhase;
			buildActionMask = 2147483647;
			files = (
				25AAA459228D165400E7C61E /* Coordinator_practiceTests.swift in Sources */,
			);
			runOnlyForDeploymentPostprocessing = 0;
		};
		25AAA45B228D165400E7C61E /* Sources */ = {
			isa = PBXSourcesBuildPhase;
			buildActionMask = 2147483647;
			files = (
				25AAA464228D165400E7C61E /* Coordinator_practiceUITests.swift in Sources */,
			);
			runOnlyForDeploymentPostprocessing = 0;
		};
/* End PBXSourcesBuildPhase section */

/* Begin PBXTargetDependency section */
		25AAA456228D165400E7C61E /* PBXTargetDependency */ = {
			isa = PBXTargetDependency;
			target = 25AAA43F228D165200E7C61E /* Coordinator_practice */;
			targetProxy = 25AAA455228D165400E7C61E /* PBXContainerItemProxy */;
		};
		25AAA461228D165400E7C61E /* PBXTargetDependency */ = {
			isa = PBXTargetDependency;
			target = 25AAA43F228D165200E7C61E /* Coordinator_practice */;
			targetProxy = 25AAA460228D165400E7C61E /* PBXContainerItemProxy */;
		};
/* End PBXTargetDependency section */

/* Begin PBXVariantGroup section */
		25AAA447228D165200E7C61E /* Main.storyboard */ = {
			isa = PBXVariantGroup;
			children = (
				25AAA448228D165200E7C61E /* Base */,
			);
			name = Main.storyboard;
			sourceTree = "<group>";
		};
		25AAA44C228D165400E7C61E /* LaunchScreen.storyboard */ = {
			isa = PBXVariantGroup;
			children = (
				25AAA44D228D165400E7C61E /* Base */,
			);
			name = LaunchScreen.storyboard;
			sourceTree = "<group>";
		};
/* End PBXVariantGroup section */

/* Begin XCBuildConfiguration section */
		25AAA466228D165400E7C61E /* Debug */ = {
			isa = XCBuildConfiguration;
			buildSettings = {
				ALWAYS_SEARCH_USER_PATHS = NO;
				CLANG_ANALYZER_NONNULL = YES;
				CLANG_ANALYZER_NUMBER_OBJECT_CONVERSION = YES_AGGRESSIVE;
				CLANG_CXX_LANGUAGE_STANDARD = "gnu++14";
				CLANG_CXX_LIBRARY = "libc++";
				CLANG_ENABLE_MODULES = YES;
				CLANG_ENABLE_OBJC_ARC = YES;
				CLANG_ENABLE_OBJC_WEAK = YES;
				CLANG_WARN_BLOCK_CAPTURE_AUTORELEASING = YES;
				CLANG_WARN_BOOL_CONVERSION = YES;
				CLANG_WARN_COMMA = YES;
				CLANG_WARN_CONSTANT_CONVERSION = YES;
				CLANG_WARN_DEPRECATED_OBJC_IMPLEMENTATIONS = YES;
				CLANG_WARN_DIRECT_OBJC_ISA_USAGE = YES_ERROR;
				CLANG_WARN_DOCUMENTATION_COMMENTS = YES;
				CLANG_WARN_EMPTY_BODY = YES;
				CLANG_WARN_ENUM_CONVERSION = YES;
				CLANG_WARN_INFINITE_RECURSION = YES;
				CLANG_WARN_INT_CONVERSION = YES;
				CLANG_WARN_NON_LITERAL_NULL_CONVERSION = YES;
				CLANG_WARN_OBJC_IMPLICIT_RETAIN_SELF = YES;
				CLANG_WARN_OBJC_LITERAL_CONVERSION = YES;
				CLANG_WARN_OBJC_ROOT_CLASS = YES_ERROR;
				CLANG_WARN_RANGE_LOOP_ANALYSIS = YES;
				CLANG_WARN_STRICT_PROTOTYPES = YES;
				CLANG_WARN_SUSPICIOUS_MOVE = YES;
				CLANG_WARN_UNGUARDED_AVAILABILITY = YES_AGGRESSIVE;
				CLANG_WARN_UNREACHABLE_CODE = YES;
				CLANG_WARN__DUPLICATE_METHOD_MATCH = YES;
				CODE_SIGN_IDENTITY = "iPhone Developer";
				COPY_PHASE_STRIP = NO;
				DEBUG_INFORMATION_FORMAT = dwarf;
				ENABLE_STRICT_OBJC_MSGSEND = YES;
				ENABLE_TESTABILITY = YES;
				GCC_C_LANGUAGE_STANDARD = gnu11;
				GCC_DYNAMIC_NO_PIC = NO;
				GCC_NO_COMMON_BLOCKS = YES;
				GCC_OPTIMIZATION_LEVEL = 0;
				GCC_PREPROCESSOR_DEFINITIONS = (
					"DEBUG=1",
					"$(inherited)",
				);
				GCC_WARN_64_TO_32_BIT_CONVERSION = YES;
				GCC_WARN_ABOUT_RETURN_TYPE = YES_ERROR;
				GCC_WARN_UNDECLARED_SELECTOR = YES;
				GCC_WARN_UNINITIALIZED_AUTOS = YES_AGGRESSIVE;
				GCC_WARN_UNUSED_FUNCTION = YES;
				GCC_WARN_UNUSED_VARIABLE = YES;
				IPHONEOS_DEPLOYMENT_TARGET = 12.2;
				MTL_ENABLE_DEBUG_INFO = INCLUDE_SOURCE;
				MTL_FAST_MATH = YES;
				ONLY_ACTIVE_ARCH = YES;
				SDKROOT = iphoneos;
				SWIFT_ACTIVE_COMPILATION_CONDITIONS = DEBUG;
				SWIFT_OPTIMIZATION_LEVEL = "-Onone";
			};
			name = Debug;
		};
		25AAA467228D165400E7C61E /* Release */ = {
			isa = XCBuildConfiguration;
			buildSettings = {
				ALWAYS_SEARCH_USER_PATHS = NO;
				CLANG_ANALYZER_NONNULL = YES;
				CLANG_ANALYZER_NUMBER_OBJECT_CONVERSION = YES_AGGRESSIVE;
				CLANG_CXX_LANGUAGE_STANDARD = "gnu++14";
				CLANG_CXX_LIBRARY = "libc++";
				CLANG_ENABLE_MODULES = YES;
				CLANG_ENABLE_OBJC_ARC = YES;
				CLANG_ENABLE_OBJC_WEAK = YES;
				CLANG_WARN_BLOCK_CAPTURE_AUTORELEASING = YES;
				CLANG_WARN_BOOL_CONVERSION = YES;
				CLANG_WARN_COMMA = YES;
				CLANG_WARN_CONSTANT_CONVERSION = YES;
				CLANG_WARN_DEPRECATED_OBJC_IMPLEMENTATIONS = YES;
				CLANG_WARN_DIRECT_OBJC_ISA_USAGE = YES_ERROR;
				CLANG_WARN_DOCUMENTATION_COMMENTS = YES;
				CLANG_WARN_EMPTY_BODY = YES;
				CLANG_WARN_ENUM_CONVERSION = YES;
				CLANG_WARN_INFINITE_RECURSION = YES;
				CLANG_WARN_INT_CONVERSION = YES;
				CLANG_WARN_NON_LITERAL_NULL_CONVERSION = YES;
				CLANG_WARN_OBJC_IMPLICIT_RETAIN_SELF = YES;
				CLANG_WARN_OBJC_LITERAL_CONVERSION = YES;
				CLANG_WARN_OBJC_ROOT_CLASS = YES_ERROR;
				CLANG_WARN_RANGE_LOOP_ANALYSIS = YES;
				CLANG_WARN_STRICT_PROTOTYPES = YES;
				CLANG_WARN_SUSPICIOUS_MOVE = YES;
				CLANG_WARN_UNGUARDED_AVAILABILITY = YES_AGGRESSIVE;
				CLANG_WARN_UNREACHABLE_CODE = YES;
				CLANG_WARN__DUPLICATE_METHOD_MATCH = YES;
				CODE_SIGN_IDENTITY = "iPhone Developer";
				COPY_PHASE_STRIP = NO;
				DEBUG_INFORMATION_FORMAT = "dwarf-with-dsym";
				ENABLE_NS_ASSERTIONS = NO;
				ENABLE_STRICT_OBJC_MSGSEND = YES;
				GCC_C_LANGUAGE_STANDARD = gnu11;
				GCC_NO_COMMON_BLOCKS = YES;
				GCC_WARN_64_TO_32_BIT_CONVERSION = YES;
				GCC_WARN_ABOUT_RETURN_TYPE = YES_ERROR;
				GCC_WARN_UNDECLARED_SELECTOR = YES;
				GCC_WARN_UNINITIALIZED_AUTOS = YES_AGGRESSIVE;
				GCC_WARN_UNUSED_FUNCTION = YES;
				GCC_WARN_UNUSED_VARIABLE = YES;
				IPHONEOS_DEPLOYMENT_TARGET = 12.2;
				MTL_ENABLE_DEBUG_INFO = NO;
				MTL_FAST_MATH = YES;
				SDKROOT = iphoneos;
				SWIFT_COMPILATION_MODE = wholemodule;
				SWIFT_OPTIMIZATION_LEVEL = "-O";
				VALIDATE_PRODUCT = YES;
			};
			name = Release;
		};
		25AAA469228D165400E7C61E /* Debug */ = {
			isa = XCBuildConfiguration;
			buildSettings = {
				ASSETCATALOG_COMPILER_APPICON_NAME = AppIcon;
				CODE_SIGN_STYLE = Automatic;
				DEVELOPMENT_TEAM = 87ASL7GP9K;
				INFOPLIST_FILE = Coordinator_practice/Info.plist;
				LD_RUNPATH_SEARCH_PATHS = (
					"$(inherited)",
					"@executable_path/Frameworks",
				);
				PRODUCT_BUNDLE_IDENTIFIER = "com.kyl.Coordinator-practice";
				PRODUCT_NAME = "$(TARGET_NAME)";
				SWIFT_VERSION = 5.0;
				TARGETED_DEVICE_FAMILY = "1,2";
			};
			name = Debug;
		};
		25AAA46A228D165400E7C61E /* Release */ = {
			isa = XCBuildConfiguration;
			buildSettings = {
				ASSETCATALOG_COMPILER_APPICON_NAME = AppIcon;
				CODE_SIGN_STYLE = Automatic;
				DEVELOPMENT_TEAM = 87ASL7GP9K;
				INFOPLIST_FILE = Coordinator_practice/Info.plist;
				LD_RUNPATH_SEARCH_PATHS = (
					"$(inherited)",
					"@executable_path/Frameworks",
				);
				PRODUCT_BUNDLE_IDENTIFIER = "com.kyl.Coordinator-practice";
				PRODUCT_NAME = "$(TARGET_NAME)";
				SWIFT_VERSION = 5.0;
				TARGETED_DEVICE_FAMILY = "1,2";
			};
			name = Release;
		};
		25AAA46C228D165400E7C61E /* Debug */ = {
			isa = XCBuildConfiguration;
			buildSettings = {
				ALWAYS_EMBED_SWIFT_STANDARD_LIBRARIES = YES;
				BUNDLE_LOADER = "$(TEST_HOST)";
				CODE_SIGN_STYLE = Automatic;
				DEVELOPMENT_TEAM = 87ASL7GP9K;
				INFOPLIST_FILE = Coordinator_practiceTests/Info.plist;
				LD_RUNPATH_SEARCH_PATHS = (
					"$(inherited)",
					"@executable_path/Frameworks",
					"@loader_path/Frameworks",
				);
				PRODUCT_BUNDLE_IDENTIFIER = "com.kyl.Coordinator-practiceTests";
				PRODUCT_NAME = "$(TARGET_NAME)";
				SWIFT_VERSION = 5.0;
				TARGETED_DEVICE_FAMILY = "1,2";
				TEST_HOST = "$(BUILT_PRODUCTS_DIR)/Coordinator_practice.app/Coordinator_practice";
			};
			name = Debug;
		};
		25AAA46D228D165400E7C61E /* Release */ = {
			isa = XCBuildConfiguration;
			buildSettings = {
				ALWAYS_EMBED_SWIFT_STANDARD_LIBRARIES = YES;
				BUNDLE_LOADER = "$(TEST_HOST)";
				CODE_SIGN_STYLE = Automatic;
				DEVELOPMENT_TEAM = 87ASL7GP9K;
				INFOPLIST_FILE = Coordinator_practiceTests/Info.plist;
				LD_RUNPATH_SEARCH_PATHS = (
					"$(inherited)",
					"@executable_path/Frameworks",
					"@loader_path/Frameworks",
				);
				PRODUCT_BUNDLE_IDENTIFIER = "com.kyl.Coordinator-practiceTests";
				PRODUCT_NAME = "$(TARGET_NAME)";
				SWIFT_VERSION = 5.0;
				TARGETED_DEVICE_FAMILY = "1,2";
				TEST_HOST = "$(BUILT_PRODUCTS_DIR)/Coordinator_practice.app/Coordinator_practice";
			};
			name = Release;
		};
		25AAA46F228D165400E7C61E /* Debug */ = {
			isa = XCBuildConfiguration;
			buildSettings = {
				ALWAYS_EMBED_SWIFT_STANDARD_LIBRARIES = YES;
				CODE_SIGN_STYLE = Automatic;
				DEVELOPMENT_TEAM = 87ASL7GP9K;
				INFOPLIST_FILE = Coordinator_practiceUITests/Info.plist;
				LD_RUNPATH_SEARCH_PATHS = (
					"$(inherited)",
					"@executable_path/Frameworks",
					"@loader_path/Frameworks",
				);
				PRODUCT_BUNDLE_IDENTIFIER = "com.kyl.Coordinator-practiceUITests";
				PRODUCT_NAME = "$(TARGET_NAME)";
				SWIFT_VERSION = 5.0;
				TARGETED_DEVICE_FAMILY = "1,2";
				TEST_TARGET_NAME = Coordinator_practice;
			};
			name = Debug;
		};
		25AAA470228D165400E7C61E /* Release */ = {
			isa = XCBuildConfiguration;
			buildSettings = {
				ALWAYS_EMBED_SWIFT_STANDARD_LIBRARIES = YES;
				CODE_SIGN_STYLE = Automatic;
				DEVELOPMENT_TEAM = 87ASL7GP9K;
				INFOPLIST_FILE = Coordinator_practiceUITests/Info.plist;
				LD_RUNPATH_SEARCH_PATHS = (
					"$(inherited)",
					"@executable_path/Frameworks",
					"@loader_path/Frameworks",
				);
				PRODUCT_BUNDLE_IDENTIFIER = "com.kyl.Coordinator-practiceUITests";
				PRODUCT_NAME = "$(TARGET_NAME)";
				SWIFT_VERSION = 5.0;
				TARGETED_DEVICE_FAMILY = "1,2";
				TEST_TARGET_NAME = Coordinator_practice;
			};
			name = Release;
		};
/* End XCBuildConfiguration section */

/* Begin XCConfigurationList section */
		25AAA43B228D165200E7C61E /* Build configuration list for PBXProject "Coordinator_practice" */ = {
			isa = XCConfigurationList;
			buildConfigurations = (
				25AAA466228D165400E7C61E /* Debug */,
				25AAA467228D165400E7C61E /* Release */,
			);
			defaultConfigurationIsVisible = 0;
			defaultConfigurationName = Release;
		};
		25AAA468228D165400E7C61E /* Build configuration list for PBXNativeTarget "Coordinator_practice" */ = {
			isa = XCConfigurationList;
			buildConfigurations = (
				25AAA469228D165400E7C61E /* Debug */,
				25AAA46A228D165400E7C61E /* Release */,
			);
			defaultConfigurationIsVisible = 0;
			defaultConfigurationName = Release;
		};
		25AAA46B228D165400E7C61E /* Build configuration list for PBXNativeTarget "Coordinator_practiceTests" */ = {
			isa = XCConfigurationList;
			buildConfigurations = (
				25AAA46C228D165400E7C61E /* Debug */,
				25AAA46D228D165400E7C61E /* Release */,
			);
			defaultConfigurationIsVisible = 0;
			defaultConfigurationName = Release;
		};
		25AAA46E228D165400E7C61E /* Build configuration list for PBXNativeTarget "Coordinator_practiceUITests" */ = {
			isa = XCConfigurationList;
			buildConfigurations = (
				25AAA46F228D165400E7C61E /* Debug */,
				25AAA470228D165400E7C61E /* Release */,
			);
			defaultConfigurationIsVisible = 0;
			defaultConfigurationName = Release;
		};
/* End XCConfigurationList section */
	};
	rootObject = 25AAA438228D165200E7C61E /* Project object */;
}
